
Microsoft Visual Studio Solution File, Format Version 12.00
# Visual Studio Version 17
VisualStudioVersion = 17.4.33205.214
MinimumVisualStudioVersion = 10.0.40219.1
Project("{FAE04EC0-301F-11D3-BF4B-00C04F79EFBC}") = "MyWebApplication", "MyWebApplication.csproj", "{267793C0-D3C3-4431-86C2-4BF7DA844064}"
EndProject
Global
	GlobalSection(SolutionConfigurationPlatforms) = preSolution
		Debug|Any CPU = Debug|Any CPU
		Release|Any CPU = Release|Any CPU
	EndGlobalSection
	GlobalSection(ProjectConfigurationPlatforms) = postSolution
		{267793C0-D3C3-4431-86C2-4BF7DA844064}.Debug|Any CPU.ActiveCfg = Debug|Any CPU
		{267793C0-D3C3-4431-86C2-4BF7DA844064}.Debug|Any CPU.Build.0 = Debug|Any CPU
		{267793C0-D3C3-4431-86C2-4BF7DA844064}.Release|Any CPU.ActiveCfg = Release|Any CPU
		{267793C0-D3C3-4431-86C2-4BF7DA844064}.Release|Any CPU.Build.0 = Release|Any CPU
	EndGlobalSection
	GlobalSection(SolutionProperties) = preSolution
		HideSolutionNode = FALSE
	EndGlobalSection
	GlobalSection(ExtensibilityGlobals) = postSolution
		SolutionGuid = {EDD9306D-73A8-41D9-8642-FEECD0586DAA}
	EndGlobalSection
EndGlobal
